
Microsoft Visual Studio Solution File, Format Version 12.00
# Visual Studio Version 17
VisualStudioVersion = 17.0.31903.59
MinimumVisualStudioVersion = 10.0.40219.1
Project("{2150E333-8FDC-42A3-9474-1A3956D46DE8}") = "src", "src", "{827E0CD3-B72D-47B6-A68D-7590B98EB39B}"
EndProject
Project("{FAE04EC0-301F-11D3-BF4B-00C04F79EFBC}") = "Rinha2026.Core", "src\Rinha2026.Core\Rinha2026.Core.csproj", "{E713FDFD-2D91-41D3-A298-7C513234793F}"
EndProject
Project("{FAE04EC0-301F-11D3-BF4B-00C04F79EFBC}") = "Rinha2026.Api", "src\Rinha2026.Api\Rinha2026.Api.csproj", "{84225C6F-2EEB-44C7-9530-61D4AA35DFDF}"
EndProject
Project("{FAE04EC0-301F-11D3-BF4B-00C04F79EFBC}") = "Rinha2026.IndexBuilder", "src\Rinha2026.IndexBuilder\Rinha2026.IndexBuilder.csproj", "{BEBE8AE3-38FC-4D6E-B86B-38BC136419A5}"
EndProject
Project("{FAE04EC0-301F-11D3-BF4B-00C04F79EFBC}") = "Rinha2026.LoadBalancer", "src\Rinha2026.LoadBalancer\Rinha2026.LoadBalancer.csproj", "{E58D60C8-B191-46E1-AE7F-C9591EB11F26}"
EndProject
Project("{2150E333-8FDC-42A3-9474-1A3956D46DE8}") = "tests", "tests", "{0AB3BF05-4346-4AA6-1389-037BE0695223}"
EndProject
Project("{FAE04EC0-301F-11D3-BF4B-00C04F79EFBC}") = "Rinha2026.Tests", "tests\Rinha2026.Tests\Rinha2026.Tests.csproj", "{465E9DAA-11BA-4CE6-BDFC-E82D1C9C1A43}"
EndProject
Project("{2150E333-8FDC-42A3-9474-1A3956D46DE8}") = "benchmarks", "benchmarks", "{66320409-64EC-F7C5-3DEF-65E7510DAAD1}"
EndProject
Project("{FAE04EC0-301F-11D3-BF4B-00C04F79EFBC}") = "Rinha2026.Benchmarks", "benchmarks\Rinha2026.Benchmarks\Rinha2026.Benchmarks.csproj", "{24C32E4F-6C7F-4BC0-8ADF-D0D934A6AE7E}"
EndProject
Project("{2150E333-8FDC-42A3-9474-1A3956D46DE8}") = "tools", "tools", "{07C2787E-EAC7-C090-1BA3-A61EC2A24D84}"
EndProject
Project("{FAE04EC0-301F-11D3-BF4B-00C04F79EFBC}") = "Rinha2026.Evaluator", "tools\Rinha2026.Evaluator\Rinha2026.Evaluator.csproj", "{6F644DFE-A511-4C44-8F65-C3467B0AE92B}"
EndProject
Project("{FAE04EC0-301F-11D3-BF4B-00C04F79EFBC}") = "Rinha2026.HttpReplay", "tools\Rinha2026.HttpReplay\Rinha2026.HttpReplay.csproj", "{1CC141C3-6622-4C54-B0C0-4E7F977501BF}"
EndProject
Global
	GlobalSection(SolutionConfigurationPlatforms) = preSolution
		Debug|Any CPU = Debug|Any CPU
		Debug|x64 = Debug|x64
		Debug|x86 = Debug|x86
		Release|Any CPU = Release|Any CPU
		Release|x64 = Release|x64
		Release|x86 = Release|x86
	EndGlobalSection
	GlobalSection(ProjectConfigurationPlatforms) = postSolution
		{E713FDFD-2D91-41D3-A298-7C513234793F}.Debug|Any CPU.ActiveCfg = Debug|Any CPU
		{E713FDFD-2D91-41D3-A298-7C513234793F}.Debug|Any CPU.Build.0 = Debug|Any CPU
		{E713FDFD-2D91-41D3-A298-7C513234793F}.Debug|x64.ActiveCfg = Debug|Any CPU
		{E713FDFD-2D91-41D3-A298-7C513234793F}.Debug|x64.Build.0 = Debug|Any CPU
		{E713FDFD-2D91-41D3-A298-7C513234793F}.Debug|x86.ActiveCfg = Debug|Any CPU
		{E713FDFD-2D91-41D3-A298-7C513234793F}.Debug|x86.Build.0 = Debug|Any CPU
		{E713FDFD-2D91-41D3-A298-7C513234793F}.Release|Any CPU.ActiveCfg = Release|Any CPU
		{E713FDFD-2D91-41D3-A298-7C513234793F}.Release|Any CPU.Build.0 = Release|Any CPU
		{E713FDFD-2D91-41D3-A298-7C513234793F}.Release|x64.ActiveCfg = Release|Any CPU
		{E713FDFD-2D91-41D3-A298-7C513234793F}.Release|x64.Build.0 = Release|Any CPU
		{E713FDFD-2D91-41D3-A298-7C513234793F}.Release|x86.ActiveCfg = Release|Any CPU
		{E713FDFD-2D91-41D3-A298-7C513234793F}.Release|x86.Build.0 = Release|Any CPU
		{84225C6F-2EEB-44C7-9530-61D4AA35DFDF}.Debug|Any CPU.ActiveCfg = Debug|Any CPU
		{84225C6F-2EEB-44C7-9530-61D4AA35DFDF}.Debug|Any CPU.Build.0 = Debug|Any CPU
		{84225C6F-2EEB-44C7-9530-61D4AA35DFDF}.Debug|x64.ActiveCfg = Debug|Any CPU
		{84225C6F-2EEB-44C7-9530-61D4AA35DFDF}.Debug|x64.Build.0 = Debug|Any CPU
		{84225C6F-2EEB-44C7-9530-61D4AA35DFDF}.Debug|x86.ActiveCfg = Debug|Any CPU
		{84225C6F-2EEB-44C7-9530-61D4AA35DFDF}.Debug|x86.Build.0 = Debug|Any CPU
		{84225C6F-2EEB-44C7-9530-61D4AA35DFDF}.Release|Any CPU.ActiveCfg = Release|Any CPU
		{84225C6F-2EEB-44C7-9530-61D4AA35DFDF}.Release|Any CPU.Build.0 = Release|Any CPU
		{84225C6F-2EEB-44C7-9530-61D4AA35DFDF}.Release|x64.ActiveCfg = Release|Any CPU
		{84225C6F-2EEB-44C7-9530-61D4AA35DFDF}.Release|x64.Build.0 = Release|Any CPU
		{84225C6F-2EEB-44C7-9530-61D4AA35DFDF}.Release|x86.ActiveCfg = Release|Any CPU
		{84225C6F-2EEB-44C7-9530-61D4AA35DFDF}.Release|x86.Build.0 = Release|Any CPU
		{BEBE8AE3-38FC-4D6E-B86B-38BC136419A5}.Debug|Any CPU.ActiveCfg = Debug|Any CPU
		{BEBE8AE3-38FC-4D6E-B86B-38BC136419A5}.Debug|Any CPU.Build.0 = Debug|Any CPU
		{BEBE8AE3-38FC-4D6E-B86B-38BC136419A5}.Debug|x64.ActiveCfg = Debug|Any CPU
		{BEBE8AE3-38FC-4D6E-B86B-38BC136419A5}.Debug|x64.Build.0 = Debug|Any CPU
		{BEBE8AE3-38FC-4D6E-B86B-38BC136419A5}.Debug|x86.ActiveCfg = Debug|Any CPU
		{BEBE8AE3-38FC-4D6E-B86B-38BC136419A5}.Debug|x86.Build.0 = Debug|Any CPU
		{BEBE8AE3-38FC-4D6E-B86B-38BC136419A5}.Release|Any CPU.ActiveCfg = Release|Any CPU
		{BEBE8AE3-38FC-4D6E-B86B-38BC136419A5}.Release|Any CPU.Build.0 = Release|Any CPU
		{BEBE8AE3-38FC-4D6E-B86B-38BC136419A5}.Release|x64.ActiveCfg = Release|Any CPU
		{BEBE8AE3-38FC-4D6E-B86B-38BC136419A5}.Release|x64.Build.0 = Release|Any CPU
		{BEBE8AE3-38FC-4D6E-B86B-38BC136419A5}.Release|x86.ActiveCfg = Release|Any CPU
		{BEBE8AE3-38FC-4D6E-B86B-38BC136419A5}.Release|x86.Build.0 = Release|Any CPU
		{E58D60C8-B191-46E1-AE7F-C9591EB11F26}.Debug|Any CPU.ActiveCfg = Debug|Any CPU
		{E58D60C8-B191-46E1-AE7F-C9591EB11F26}.Debug|Any CPU.Build.0 = Debug|Any CPU
		{E58D60C8-B191-46E1-AE7F-C9591EB11F26}.Debug|x64.ActiveCfg = Debug|Any CPU
		{E58D60C8-B191-46E1-AE7F-C9591EB11F26}.Debug|x64.Build.0 = Debug|Any CPU
		{E58D60C8-B191-46E1-AE7F-C9591EB11F26}.Debug|x86.ActiveCfg = Debug|Any CPU
		{E58D60C8-B191-46E1-AE7F-C9591EB11F26}.Debug|x86.Build.0 = Debug|Any CPU
		{E58D60C8-B191-46E1-AE7F-C9591EB11F26}.Release|Any CPU.ActiveCfg = Release|Any CPU
		{E58D60C8-B191-46E1-AE7F-C9591EB11F26}.Release|Any CPU.Build.0 = Release|Any CPU
		{E58D60C8-B191-46E1-AE7F-C9591EB11F26}.Release|x64.ActiveCfg = Release|Any CPU
		{E58D60C8-B191-46E1-AE7F-C9591EB11F26}.Release|x64.Build.0 = Release|Any CPU
		{E58D60C8-B191-46E1-AE7F-C9591EB11F26}.Release|x86.ActiveCfg = Release|Any CPU
		{E58D60C8-B191-46E1-AE7F-C9591EB11F26}.Release|x86.Build.0 = Release|Any CPU
		{465E9DAA-11BA-4CE6-BDFC-E82D1C9C1A43}.Debug|Any CPU.ActiveCfg = Debug|Any CPU
		{465E9DAA-11BA-4CE6-BDFC-E82D1C9C1A43}.Debug|Any CPU.Build.0 = Debug|Any CPU
		{465E9DAA-11BA-4CE6-BDFC-E82D1C9C1A43}.Debug|x64.ActiveCfg = Debug|Any CPU
		{465E9DAA-11BA-4CE6-BDFC-E82D1C9C1A43}.Debug|x64.Build.0 = Debug|Any CPU
		{465E9DAA-11BA-4CE6-BDFC-E82D1C9C1A43}.Debug|x86.ActiveCfg = Debug|Any CPU
		{465E9DAA-11BA-4CE6-BDFC-E82D1C9C1A43}.Debug|x86.Build.0 = Debug|Any CPU
		{465E9DAA-11BA-4CE6-BDFC-E82D1C9C1A43}.Release|Any CPU.ActiveCfg = Release|Any CPU
		{465E9DAA-11BA-4CE6-BDFC-E82D1C9C1A43}.Release|Any CPU.Build.0 = Release|Any CPU
		{465E9DAA-11BA-4CE6-BDFC-E82D1C9C1A43}.Release|x64.ActiveCfg = Release|Any CPU
		{465E9DAA-11BA-4CE6-BDFC-E82D1C9C1A43}.Release|x64.Build.0 = Release|Any CPU
		{465E9DAA-11BA-4CE6-BDFC-E82D1C9C1A43}.Release|x86.ActiveCfg = Release|Any CPU
		{465E9DAA-11BA-4CE6-BDFC-E82D1C9C1A43}.Release|x86.Build.0 = Release|Any CPU
		{24C32E4F-6C7F-4BC0-8ADF-D0D934A6AE7E}.Debug|Any CPU.ActiveCfg = Debug|Any CPU
		{24C32E4F-6C7F-4BC0-8ADF-D0D934A6AE7E}.Debug|Any CPU.Build.0 = Debug|Any CPU
		{24C32E4F-6C7F-4BC0-8ADF-D0D934A6AE7E}.Debug|x64.ActiveCfg = Debug|Any CPU
		{24C32E4F-6C7F-4BC0-8ADF-D0D934A6AE7E}.Debug|x64.Build.0 = Debug|Any CPU
		{24C32E4F-6C7F-4BC0-8ADF-D0D934A6AE7E}.Debug|x86.ActiveCfg = Debug|Any CPU
		{24C32E4F-6C7F-4BC0-8ADF-D0D934A6AE7E}.Debug|x86.Build.0 = Debug|Any CPU
		{24C32E4F-6C7F-4BC0-8ADF-D0D934A6AE7E}.Release|Any CPU.ActiveCfg = Release|Any CPU
		{24C32E4F-6C7F-4BC0-8ADF-D0D934A6AE7E}.Release|Any CPU.Build.0 = Release|Any CPU
		{24C32E4F-6C7F-4BC0-8ADF-D0D934A6AE7E}.Release|x64.ActiveCfg = Release|Any CPU
		{24C32E4F-6C7F-4BC0-8ADF-D0D934A6AE7E}.Release|x64.Build.0 = Release|Any CPU
		{24C32E4F-6C7F-4BC0-8ADF-D0D934A6AE7E}.Release|x86.ActiveCfg = Release|Any CPU
		{24C32E4F-6C7F-4BC0-8ADF-D0D934A6AE7E}.Release|x86.Build.0 = Release|Any CPU
		{6F644DFE-A511-4C44-8F65-C3467B0AE92B}.Debug|Any CPU.ActiveCfg = Debug|Any CPU
		{6F644DFE-A511-4C44-8F65-C3467B0AE92B}.Debug|Any CPU.Build.0 = Debug|Any CPU
		{6F644DFE-A511-4C44-8F65-C3467B0AE92B}.Debug|x64.ActiveCfg = Debug|Any CPU
		{6F644DFE-A511-4C44-8F65-C3467B0AE92B}.Debug|x64.Build.0 = Debug|Any CPU
		{6F644DFE-A511-4C44-8F65-C3467B0AE92B}.Debug|x86.ActiveCfg = Debug|Any CPU
		{6F644DFE-A511-4C44-8F65-C3467B0AE92B}.Debug|x86.Build.0 = Debug|Any CPU
		{6F644DFE-A511-4C44-8F65-C3467B0AE92B}.Release|Any CPU.ActiveCfg = Release|Any CPU
		{6F644DFE-A511-4C44-8F65-C3467B0AE92B}.Release|Any CPU.Build.0 = Release|Any CPU
		{6F644DFE-A511-4C44-8F65-C3467B0AE92B}.Release|x64.ActiveCfg = Release|Any CPU
		{6F644DFE-A511-4C44-8F65-C3467B0AE92B}.Release|x64.Build.0 = Release|Any CPU
		{6F644DFE-A511-4C44-8F65-C3467B0AE92B}.Release|x86.ActiveCfg = Release|Any CPU
		{6F644DFE-A511-4C44-8F65-C3467B0AE92B}.Release|x86.Build.0 = Release|Any CPU
		{1CC141C3-6622-4C54-B0C0-4E7F977501BF}.Debug|Any CPU.ActiveCfg = Debug|Any CPU
		{1CC141C3-6622-4C54-B0C0-4E7F977501BF}.Debug|Any CPU.Build.0 = Debug|Any CPU
		{1CC141C3-6622-4C54-B0C0-4E7F977501BF}.Debug|x64.ActiveCfg = Debug|Any CPU
		{1CC141C3-6622-4C54-B0C0-4E7F977501BF}.Debug|x64.Build.0 = Debug|Any CPU
		{1CC141C3-6622-4C54-B0C0-4E7F977501BF}.Debug|x86.ActiveCfg = Debug|Any CPU
		{1CC141C3-6622-4C54-B0C0-4E7F977501BF}.Debug|x86.Build.0 = Debug|Any CPU
		{1CC141C3-6622-4C54-B0C0-4E7F977501BF}.Release|Any CPU.ActiveCfg = Release|Any CPU
		{1CC141C3-6622-4C54-B0C0-4E7F977501BF}.Release|Any CPU.Build.0 = Release|Any CPU
		{1CC141C3-6622-4C54-B0C0-4E7F977501BF}.Release|x64.ActiveCfg = Release|Any CPU
		{1CC141C3-6622-4C54-B0C0-4E7F977501BF}.Release|x64.Build.0 = Release|Any CPU
		{1CC141C3-6622-4C54-B0C0-4E7F977501BF}.Release|x86.ActiveCfg = Release|Any CPU
		{1CC141C3-6622-4C54-B0C0-4E7F977501BF}.Release|x86.Build.0 = Release|Any CPU
	EndGlobalSection
	GlobalSection(SolutionProperties) = preSolution
		HideSolutionNode = FALSE
	EndGlobalSection
	GlobalSection(NestedProjects) = preSolution
		{E713FDFD-2D91-41D3-A298-7C513234793F} = {827E0CD3-B72D-47B6-A68D-7590B98EB39B}
		{84225C6F-2EEB-44C7-9530-61D4AA35DFDF} = {827E0CD3-B72D-47B6-A68D-7590B98EB39B}
		{BEBE8AE3-38FC-4D6E-B86B-38BC136419A5} = {827E0CD3-B72D-47B6-A68D-7590B98EB39B}
		{E58D60C8-B191-46E1-AE7F-C9591EB11F26} = {827E0CD3-B72D-47B6-A68D-7590B98EB39B}
		{465E9DAA-11BA-4CE6-BDFC-E82D1C9C1A43} = {0AB3BF05-4346-4AA6-1389-037BE0695223}
		{24C32E4F-6C7F-4BC0-8ADF-D0D934A6AE7E} = {66320409-64EC-F7C5-3DEF-65E7510DAAD1}
		{6F644DFE-A511-4C44-8F65-C3467B0AE92B} = {07C2787E-EAC7-C090-1BA3-A61EC2A24D84}
		{1CC141C3-6622-4C54-B0C0-4E7F977501BF} = {07C2787E-EAC7-C090-1BA3-A61EC2A24D84}
	EndGlobalSection
EndGlobal
